// !$*UTF8*$!
{
	archiveVersion = 1;
	classes = {
	};
	objectVersion = 46;
	objects = {

/* Begin PBXBuildFile section */
		751D8CAF18EE5E0A00E6B82B /* photo_1.JPG in Resources */ = {isa = PBXBuildFile; fileRef = 751D8CAA18EE5E0A00E6B82B /* photo_1.JPG */; };
		751D8CB018EE5E0A00E6B82B /* photo_2.JPG in Resources */ = {isa = PBXBuildFile; fileRef = 751D8CAB18EE5E0A00E6B82B /* photo_2.JPG */; };
		751D8CB118EE5E0A00E6B82B /* photo_3.JPG in Resources */ = {isa = PBXBuildFile; fileRef = 751D8CAC18EE5E0A00E6B82B /* photo_3.JPG */; };
		751D8CB218EE5E0A00E6B82B /* photo_4.JPG in Resources */ = {isa = PBXBuildFile; fileRef = 751D8CAD18EE5E0A00E6B82B /* photo_4.JPG */; };
		751D8CB318EE5E0A00E6B82B /* photo_5.JPG in Resources */ = {isa = PBXBuildFile; fileRef = 751D8CAE18EE5E0A00E6B82B /* photo_5.JPG */; };
		751D8CBF18EE649700E6B82B /* OWPhotoBrowserController.m in Sources */ = {isa = PBXBuildFile; fileRef = 751D8CB618EE649700E6B82B /* OWPhotoBrowserController.m */; };
		751D8CC018EE649700E6B82B /* OWPhotosDataSource.m in Sources */ = {isa = PBXBuildFile; fileRef = 751D8CB818EE649700E6B82B /* OWPhotosDataSource.m */; };
		751D8CC118EE649700E6B82B /* OWPhotosScroller.m in Sources */ = {isa = PBXBuildFile; fileRef = 751D8CBA18EE649700E6B82B /* OWPhotosScroller.m */; };
		751D8CC218EE649700E6B82B /* OWPhotoZoomingView.m in Sources */ = {isa = PBXBuildFile; fileRef = 751D8CBC18EE649700E6B82B /* OWPhotoZoomingView.m */; };
		751D8CC318EE649700E6B82B /* OWSimpleProgressHUD.m in Sources */ = {isa = PBXBuildFile; fileRef = 751D8CBE18EE649700E6B82B /* OWSimpleProgressHUD.m */; };
		751D8CD418EE992200E6B82B /* FlickrImagesViewController.m in Sources */ = {isa = PBXBuildFile; fileRef = 751D8CD218EE992200E6B82B /* FlickrImagesViewController.m */; };
		751D8CD518EE992200E6B82B /* FlickrImagesViewController.xib in Resources */ = {isa = PBXBuildFile; fileRef = 751D8CD318EE992200E6B82B /* FlickrImagesViewController.xib */; };
		751D8CDB18EE994200E6B82B /* OWCustomPhotosDataSource.m in Sources */ = {isa = PBXBuildFile; fileRef = 751D8CD818EE994200E6B82B /* OWCustomPhotosDataSource.m */; };
		751D8CDC18EE994200E6B82B /* OWSimpleURLConnection.m in Sources */ = {isa = PBXBuildFile; fileRef = 751D8CDA18EE994200E6B82B /* OWSimpleURLConnection.m */; };
		751D8CE018EE998C00E6B82B /* LocalImagesViewController.m in Sources */ = {isa = PBXBuildFile; fileRef = 751D8CDE18EE998C00E6B82B /* LocalImagesViewController.m */; };
		751D8CE118EE998C00E6B82B /* LocalImagesViewController.xib in Resources */ = {isa = PBXBuildFile; fileRef = 751D8CDF18EE998C00E6B82B /* LocalImagesViewController.xib */; };
		75844C6418ED71380098E9E0 /* Foundation.framework in Frameworks */ = {isa = PBXBuildFile; fileRef = 75844C6318ED71380098E9E0 /* Foundation.framework */; };
		75844C6618ED71380098E9E0 /* CoreGraphics.framework in Frameworks */ = {isa = PBXBuildFile; fileRef = 75844C6518ED71380098E9E0 /* CoreGraphics.framework */; };
		75844C6818ED71380098E9E0 /* UIKit.framework in Frameworks */ = {isa = PBXBuildFile; fileRef = 75844C6718ED71380098E9E0 /* UIKit.framework */; };
		75844C6E18ED71380098E9E0 /* InfoPlist.strings in Resources */ = {isa = PBXBuildFile; fileRef = 75844C6C18ED71380098E9E0 /* InfoPlist.strings */; };
		75844C7018ED71380098E9E0 /* main.m in Sources */ = {isa = PBXBuildFile; fileRef = 75844C6F18ED71380098E9E0 /* main.m */; };
		75844C7418ED71380098E9E0 /* AppDelegate.m in Sources */ = {isa = PBXBuildFile; fileRef = 75844C7318ED71380098E9E0 /* AppDelegate.m */; };
		75844C7618ED71380098E9E0 /* Images.xcassets in Resources */ = {isa = PBXBuildFile; fileRef = 75844C7518ED71380098E9E0 /* Images.xcassets */; };
		75844C7D18ED71380098E9E0 /* XCTest.framework in Frameworks */ = {isa = PBXBuildFile; fileRef = 75844C7C18ED71380098E9E0 /* XCTest.framework */; };
		75844C7E18ED71380098E9E0 /* Foundation.framework in Frameworks */ = {isa = PBXBuildFile; fileRef = 75844C6318ED71380098E9E0 /* Foundation.framework */; };
		75844C7F18ED71380098E9E0 /* UIKit.framework in Frameworks */ = {isa = PBXBuildFile; fileRef = 75844C6718ED71380098E9E0 /* UIKit.framework */; };
		75844C8718ED71380098E9E0 /* InfoPlist.strings in Resources */ = {isa = PBXBuildFile; fileRef = 75844C8518ED71380098E9E0 /* InfoPlist.strings */; };
		75844C8918ED71380098E9E0 /* PhotoBrowserDemoTests.m in Sources */ = {isa = PBXBuildFile; fileRef = 75844C8818ED71380098E9E0 /* PhotoBrowserDemoTests.m */; };
/* End PBXBuildFile section */

/* Begin PBXContainerItemProxy section */
		75844C8018ED71380098E9E0 /* PBXContainerItemProxy */ = {
			isa = PBXContainerItemProxy;
			containerPortal = 75844C5818ED71380098E9E0 /* Project object */;
			proxyType = 1;
			remoteGlobalIDString = 75844C5F18ED71380098E9E0;
			remoteInfo = PhotoBrowserDemo;
		};
/* End PBXContainerItemProxy section */

/* Begin PBXFileReference section */
		751D8CAA18EE5E0A00E6B82B /* photo_1.JPG */ = {isa = PBXFileReference; lastKnownFileType = image.jpeg; path = photo_1.JPG; sourceTree = "<group>"; };
		751D8CAB18EE5E0A00E6B82B /* photo_2.JPG */ = {isa = PBXFileReference; lastKnownFileType = image.jpeg; path = photo_2.JPG; sourceTree = "<group>"; };
		751D8CAC18EE5E0A00E6B82B /* photo_3.JPG */ = {isa = PBXFileReference; lastKnownFileType = image.jpeg; path = photo_3.JPG; sourceTree = "<group>"; };
		751D8CAD18EE5E0A00E6B82B /* photo_4.JPG */ = {isa = PBXFileReference; lastKnownFileType = image.jpeg; path = photo_4.JPG; sourceTree = "<group>"; };
		751D8CAE18EE5E0A00E6B82B /* photo_5.JPG */ = {isa = PBXFileReference; lastKnownFileType = image.jpeg; path = photo_5.JPG; sourceTree = "<group>"; };
		751D8CB518EE649700E6B82B /* OWPhotoBrowserController.h */ = {isa = PBXFileReference; fileEncoding = 4; lastKnownFileType = sourcecode.c.h; path = OWPhotoBrowserController.h; sourceTree = "<group>"; };
		751D8CB618EE649700E6B82B /* OWPhotoBrowserController.m */ = {isa = PBXFileReference; fileEncoding = 4; lastKnownFileType = sourcecode.c.objc; path = OWPhotoBrowserController.m; sourceTree = "<group>"; };
		751D8CB718EE649700E6B82B /* OWPhotosDataSource.h */ = {isa = PBXFileReference; fileEncoding = 4; lastKnownFileType = sourcecode.c.h; path = OWPhotosDataSource.h; sourceTree = "<group>"; };
		751D8CB818EE649700E6B82B /* OWPhotosDataSource.m */ = {isa = PBXFileReference; fileEncoding = 4; lastKnownFileType = sourcecode.c.objc; path = OWPhotosDataSource.m; sourceTree = "<group>"; };
		751D8CB918EE649700E6B82B /* OWPhotosScroller.h */ = {isa = PBXFileReference; fileEncoding = 4; lastKnownFileType = sourcecode.c.h; path = OWPhotosScroller.h; sourceTree = "<group>"; };
		751D8CBA18EE649700E6B82B /* OWPhotosScroller.m */ = {isa = PBXFileReference; fileEncoding = 4; lastKnownFileType = sourcecode.c.objc; path = OWPhotosScroller.m; sourceTree = "<group>"; };
		751D8CBB18EE649700E6B82B /* OWPhotoZoomingView.h */ = {isa = PBXFileReference; fileEncoding = 4; lastKnownFileType = sourcecode.c.h; path = OWPhotoZoomingView.h; sourceTree = "<group>"; };
		751D8CBC18EE649700E6B82B /* OWPhotoZoomingView.m */ = {isa = PBXFileReference; fileEncoding = 4; lastKnownFileType = sourcecode.c.objc; path = OWPhotoZoomingView.m; sourceTree = "<group>"; };
		751D8CBD18EE649700E6B82B /* OWSimpleProgressHUD.h */ = {isa = PBXFileReference; fileEncoding = 4; lastKnownFileType = sourcecode.c.h; path = OWSimpleProgressHUD.h; sourceTree = "<group>"; };
		751D8CBE18EE649700E6B82B /* OWSimpleProgressHUD.m */ = {isa = PBXFileReference; fileEncoding = 4; lastKnownFileType = sourcecode.c.objc; path = OWSimpleProgressHUD.m; sourceTree = "<group>"; };
		751D8CD118EE992200E6B82B /* FlickrImagesViewController.h */ = {isa = PBXFileReference; fileEncoding = 4; lastKnownFileType = sourcecode.c.h; path = FlickrImagesViewController.h; sourceTree = "<group>"; };
		751D8CD218EE992200E6B82B /* FlickrImagesViewController.m */ = {isa = PBXFileReference; fileEncoding = 4; lastKnownFileType = sourcecode.c.objc; path = FlickrImagesViewController.m; sourceTree = "<group>"; };
		751D8CD318EE992200E6B82B /* FlickrImagesViewController.xib */ = {isa = PBXFileReference; fileEncoding = 4; lastKnownFileType = file.xib; path = FlickrImagesViewController.xib; sourceTree = "<group>"; };
		751D8CD718EE994200E6B82B /* OWCustomPhotosDataSource.h */ = {isa = PBXFileReference; fileEncoding = 4; lastKnownFileType = sourcecode.c.h; path = OWCustomPhotosDataSource.h; sourceTree = "<group>"; };
		751D8CD818EE994200E6B82B /* OWCustomPhotosDataSource.m */ = {isa = PBXFileReference; fileEncoding = 4; lastKnownFileType = sourcecode.c.objc; path = OWCustomPhotosDataSource.m; sourceTree = "<group>"; };
		751D8CD918EE994200E6B82B /* OWSimpleURLConnection.h */ = {isa = PBXFileReference; fileEncoding = 4; lastKnownFileType = sourcecode.c.h; path = OWSimpleURLConnection.h; sourceTree = "<group>"; };
		751D8CDA18EE994200E6B82B /* OWSimpleURLConnection.m */ = {isa = PBXFileReference; fileEncoding = 4; lastKnownFileType = sourcecode.c.objc; path = OWSimpleURLConnection.m; sourceTree = "<group>"; };
		751D8CDD18EE998C00E6B82B /* LocalImagesViewController.h */ = {isa = PBXFileReference; fileEncoding = 4; lastKnownFileType = sourcecode.c.h; path = LocalImagesViewController.h; sourceTree = "<group>"; };
		751D8CDE18EE998C00E6B82B /* LocalImagesViewController.m */ = {isa = PBXFileReference; fileEncoding = 4; lastKnownFileType = sourcecode.c.objc; path = LocalImagesViewController.m; sourceTree = "<group>"; };
		751D8CDF18EE998C00E6B82B /* LocalImagesViewController.xib */ = {isa = PBXFileReference; fileEncoding = 4; lastKnownFileType = file.xib; path = LocalImagesViewController.xib; sourceTree = "<group>"; };
		75844C6018ED71380098E9E0 /* PhotoBrowserDemo.app */ = {isa = PBXFileReference; explicitFileType = wrapper.application; includeInIndex = 0; path = PhotoBrowserDemo.app; sourceTree = BUILT_PRODUCTS_DIR; };
		75844C6318ED71380098E9E0 /* Foundation.framework */ = {isa = PBXFileReference; lastKnownFileType = wrapper.framework; name = Foundation.framework; path = System/Library/Frameworks/Foundation.framework; sourceTree = SDKROOT; };
		75844C6518ED71380098E9E0 /* CoreGraphics.framework */ = {isa = PBXFileReference; lastKnownFileType = wrapper.framework; name = CoreGraphics.framework; path = System/Library/Frameworks/CoreGraphics.framework; sourceTree = SDKROOT; };
		75844C6718ED71380098E9E0 /* UIKit.framework */ = {isa = PBXFileReference; lastKnownFileType = wrapper.framework; name = UIKit.framework; path = System/Library/Frameworks/UIKit.framework; sourceTree = SDKROOT; };
		75844C6B18ED71380098E9E0 /* PhotoBrowserDemo-Info.plist */ = {isa = PBXFileReference; lastKnownFileType = text.plist.xml; path = "PhotoBrowserDemo-Info.plist"; sourceTree = "<group>"; };
		75844C6D18ED71380098E9E0 /* en */ = {isa = PBXFileReference; lastKnownFileType = text.plist.strings; name = en; path = en.lproj/InfoPlist.strings; sourceTree = "<group>"; };
		75844C6F18ED71380098E9E0 /* main.m */ = {isa = PBXFileReference; lastKnownFileType = sourcecode.c.objc; path = main.m; sourceTree = "<group>"; };
		75844C7118ED71380098E9E0 /* PhotoBrowserDemo-Prefix.pch */ = {isa = PBXFileReference; lastKnownFileType = sourcecode.c.h; path = "PhotoBrowserDemo-Prefix.pch"; sourceTree = "<group>"; };
		75844C7218ED71380098E9E0 /* AppDelegate.h */ = {isa = PBXFileReference; lastKnownFileType = sourcecode.c.h; path = AppDelegate.h; sourceTree = "<group>"; };
		75844C7318ED71380098E9E0 /* AppDelegate.m */ = {isa = PBXFileReference; lastKnownFileType = sourcecode.c.objc; path = AppDelegate.m; sourceTree = "<group>"; };
		75844C7518ED71380098E9E0 /* Images.xcassets */ = {isa = PBXFileReference; lastKnownFileType = folder.assetcatalog; path = Images.xcassets; sourceTree = "<group>"; };
		75844C7B18ED71380098E9E0 /* PhotoBrowserDemoTests.xctest */ = {isa = PBXFileReference; explicitFileType = wrapper.cfbundle; includeInIndex = 0; path = PhotoBrowserDemoTests.xctest; sourceTree = BUILT_PRODUCTS_DIR; };
		75844C7C18ED71380098E9E0 /* XCTest.framework */ = {isa = PBXFileReference; lastKnownFileType = wrapper.framework; name = XCTest.framework; path = Library/Frameworks/XCTest.framework; sourceTree = DEVELOPER_DIR; };
		75844C8418ED71380098E9E0 /* PhotoBrowserDemoTests-Info.plist */ = {isa = PBXFileReference; lastKnownFileType = text.plist.xml; path = "PhotoBrowserDemoTests-Info.plist"; sourceTree = "<group>"; };
		75844C8618ED71380098E9E0 /* en */ = {isa = PBXFileReference; lastKnownFileType = text.plist.strings; name = en; path = en.lproj/InfoPlist.strings; sourceTree = "<group>"; };
		75844C8818ED71380098E9E0 /* PhotoBrowserDemoTests.m */ = {isa = PBXFileReference; lastKnownFileType = sourcecode.c.objc; path = PhotoBrowserDemoTests.m; sourceTree = "<group>"; };
/* End PBXFileReference section */

/* Begin PBXFrameworksBuildPhase section */
		75844C5D18ED71380098E9E0 /* Frameworks */ = {
			isa = PBXFrameworksBuildPhase;
			buildActionMask = 2147483647;
			files = (
				75844C6618ED71380098E9E0 /* CoreGraphics.framework in Frameworks */,
				75844C6818ED71380098E9E0 /* UIKit.framework in Frameworks */,
				75844C6418ED71380098E9E0 /* Foundation.framework in Frameworks */,
			);
			runOnlyForDeploymentPostprocessing = 0;
		};
		75844C7818ED71380098E9E0 /* Frameworks */ = {
			isa = PBXFrameworksBuildPhase;
			buildActionMask = 2147483647;
			files = (
				75844C7D18ED71380098E9E0 /* XCTest.framework in Frameworks */,
				75844C7F18ED71380098E9E0 /* UIKit.framework in Frameworks */,
				75844C7E18ED71380098E9E0 /* Foundation.framework in Frameworks */,
			);
			runOnlyForDeploymentPostprocessing = 0;
		};
/* End PBXFrameworksBuildPhase section */

/* Begin PBXGroup section */
		751D8CA918EE5E0A00E6B82B /* Resources */ = {
			isa = PBXGroup;
			children = (
				751D8CAA18EE5E0A00E6B82B /* photo_1.JPG */,
				751D8CAB18EE5E0A00E6B82B /* photo_2.JPG */,
				751D8CAC18EE5E0A00E6B82B /* photo_3.JPG */,
				751D8CAD18EE5E0A00E6B82B /* photo_4.JPG */,
				751D8CAE18EE5E0A00E6B82B /* photo_5.JPG */,
			);
			path = Resources;
			sourceTree = "<group>";
		};
		751D8CB418EE649700E6B82B /* PhotoBrowser */ = {
			isa = PBXGroup;
			children = (
				751D8CB518EE649700E6B82B /* OWPhotoBrowserController.h */,
				751D8CB618EE649700E6B82B /* OWPhotoBrowserController.m */,
				751D8CB718EE649700E6B82B /* OWPhotosDataSource.h */,
				751D8CB818EE649700E6B82B /* OWPhotosDataSource.m */,
				751D8CB918EE649700E6B82B /* OWPhotosScroller.h */,
				751D8CBA18EE649700E6B82B /* OWPhotosScroller.m */,
				751D8CBB18EE649700E6B82B /* OWPhotoZoomingView.h */,
				751D8CBC18EE649700E6B82B /* OWPhotoZoomingView.m */,
				751D8CBD18EE649700E6B82B /* OWSimpleProgressHUD.h */,
				751D8CBE18EE649700E6B82B /* OWSimpleProgressHUD.m */,
			);
			name = PhotoBrowser;
			path = ../PhotoBrowser;
			sourceTree = "<group>";
		};
		751D8CD018EE992200E6B82B /* Source */ = {
			isa = PBXGroup;
			children = (
				751D8CD618EE994200E6B82B /* PhotoBrowserExtention */,
				751D8CD118EE992200E6B82B /* FlickrImagesViewController.h */,
				751D8CD218EE992200E6B82B /* FlickrImagesViewController.m */,
				751D8CD318EE992200E6B82B /* FlickrImagesViewController.xib */,
				751D8CDD18EE998C00E6B82B /* LocalImagesViewController.h */,
				751D8CDE18EE998C00E6B82B /* LocalImagesViewController.m */,
				751D8CDF18EE998C00E6B82B /* LocalImagesViewController.xib */,
			);
			path = Source;
			sourceTree = "<group>";
		};
		751D8CD618EE994200E6B82B /* PhotoBrowserExtention */ = {
			isa = PBXGroup;
			children = (
				751D8CD718EE994200E6B82B /* OWCustomPhotosDataSource.h */,
				751D8CD818EE994200E6B82B /* OWCustomPhotosDataSource.m */,
				751D8CD918EE994200E6B82B /* OWSimpleURLConnection.h */,
				751D8CDA18EE994200E6B82B /* OWSimpleURLConnection.m */,
			);
			path = PhotoBrowserExtention;
			sourceTree = "<group>";
		};
		75844C5718ED71380098E9E0 = {
			isa = PBXGroup;
			children = (
				751D8CB418EE649700E6B82B /* PhotoBrowser */,
				75844C6918ED71380098E9E0 /* PhotoBrowserDemo */,
				75844C8218ED71380098E9E0 /* PhotoBrowserDemoTests */,
				75844C6218ED71380098E9E0 /* Frameworks */,
				75844C6118ED71380098E9E0 /* Products */,
			);
			sourceTree = "<group>";
		};
		75844C6118ED71380098E9E0 /* Products */ = {
			isa = PBXGroup;
			children = (
				75844C6018ED71380098E9E0 /* PhotoBrowserDemo.app */,
				75844C7B18ED71380098E9E0 /* PhotoBrowserDemoTests.xctest */,
			);
			name = Products;
			sourceTree = "<group>";
		};
		75844C6218ED71380098E9E0 /* Frameworks */ = {
			isa = PBXGroup;
			children = (
				75844C6318ED71380098E9E0 /* Foundation.framework */,
				75844C6518ED71380098E9E0 /* CoreGraphics.framework */,
				75844C6718ED71380098E9E0 /* UIKit.framework */,
				75844C7C18ED71380098E9E0 /* XCTest.framework */,
			);
			name = Frameworks;
			sourceTree = "<group>";
		};
		75844C6918ED71380098E9E0 /* PhotoBrowserDemo */ = {
			isa = PBXGroup;
			children = (
				751D8CD018EE992200E6B82B /* Source */,
				75844C7218ED71380098E9E0 /* AppDelegate.h */,
				75844C7318ED71380098E9E0 /* AppDelegate.m */,
				751D8CA918EE5E0A00E6B82B /* Resources */,
				75844C7518ED71380098E9E0 /* Images.xcassets */,
				75844C6A18ED71380098E9E0 /* Supporting Files */,
			);
			path = PhotoBrowserDemo;
			sourceTree = "<group>";
		};
		75844C6A18ED71380098E9E0 /* Supporting Files */ = {
			isa = PBXGroup;
			children = (
				75844C6B18ED71380098E9E0 /* PhotoBrowserDemo-Info.plist */,
				75844C6C18ED71380098E9E0 /* InfoPlist.strings */,
				75844C6F18ED71380098E9E0 /* main.m */,
				75844C7118ED71380098E9E0 /* PhotoBrowserDemo-Prefix.pch */,
			);
			name = "Supporting Files";
			sourceTree = "<group>";
		};
		75844C8218ED71380098E9E0 /* PhotoBrowserDemoTests */ = {
			isa = PBXGroup;
			children = (
				75844C8818ED71380098E9E0 /* PhotoBrowserDemoTests.m */,
				75844C8318ED71380098E9E0 /* Supporting Files */,
			);
			path = PhotoBrowserDemoTests;
			sourceTree = "<group>";
		};
		75844C8318ED71380098E9E0 /* Supporting Files */ = {
			isa = PBXGroup;
			children = (
				75844C8418ED71380098E9E0 /* PhotoBrowserDemoTests-Info.plist */,
				75844C8518ED71380098E9E0 /* InfoPlist.strings */,
			);
			name = "Supporting Files";
			sourceTree = "<group>";
		};
/* End PBXGroup section */

/* Begin PBXNativeTarget section */
		75844C5F18ED71380098E9E0 /* PhotoBrowserDemo */ = {
			isa = PBXNativeTarget;
			buildConfigurationList = 75844C8C18ED71380098E9E0 /* Build configuration list for PBXNativeTarget "PhotoBrowserDemo" */;
			buildPhases = (
				75844C5C18ED71380098E9E0 /* Sources */,
				75844C5D18ED71380098E9E0 /* Frameworks */,
				75844C5E18ED71380098E9E0 /* Resources */,
			);
			buildRules = (
			);
			dependencies = (
			);
			name = PhotoBrowserDemo;
			productName = PhotoBrowserDemo;
			productReference = 75844C6018ED71380098E9E0 /* PhotoBrowserDemo.app */;
			productType = "com.apple.product-type.application";
		};
		75844C7A18ED71380098E9E0 /* PhotoBrowserDemoTests */ = {
			isa = PBXNativeTarget;
			buildConfigurationList = 75844C8F18ED71380098E9E0 /* Build configuration list for PBXNativeTarget "PhotoBrowserDemoTests" */;
			buildPhases = (
				75844C7718ED71380098E9E0 /* Sources */,
				75844C7818ED71380098E9E0 /* Frameworks */,
				75844C7918ED71380098E9E0 /* Resources */,
			);
			buildRules = (
			);
			dependencies = (
				75844C8118ED71380098E9E0 /* PBXTargetDependency */,
			);
			name = PhotoBrowserDemoTests;
			productName = PhotoBrowserDemoTests;
			productReference = 75844C7B18ED71380098E9E0 /* PhotoBrowserDemoTests.xctest */;
			productType = "com.apple.product-type.bundle.unit-test";
		};
/* End PBXNativeTarget section */

/* Begin PBXProject section */
		75844C5818ED71380098E9E0 /* Project object */ = {
			isa = PBXProject;
			attributes = {
				LastUpgradeCheck = 0510;
				ORGANIZATIONNAME = Jianjun;
				TargetAttributes = {
					75844C7A18ED71380098E9E0 = {
						TestTargetID = 75844C5F18ED71380098E9E0;
					};
				};
			};
			buildConfigurationList = 75844C5B18ED71380098E9E0 /* Build configuration list for PBXProject "PhotoBrowserDemo" */;
			compatibilityVersion = "Xcode 3.2";
			developmentRegion = English;
			hasScannedForEncodings = 0;
			knownRegions = (
				en,
			);
			mainGroup = 75844C5718ED71380098E9E0;
			productRefGroup = 75844C6118ED71380098E9E0 /* Products */;
			projectDirPath = "";
			projectRoot = "";
			targets = (
				75844C5F18ED71380098E9E0 /* PhotoBrowserDemo */,
				75844C7A18ED71380098E9E0 /* PhotoBrowserDemoTests */,
			);
		};
/* End PBXProject section */

/* Begin PBXResourcesBuildPhase section */
		75844C5E18ED71380098E9E0 /* Resources */ = {
			isa = PBXResourcesBuildPhase;
			buildActionMask = 2147483647;
			files = (
				751D8CAF18EE5E0A00E6B82B /* photo_1.JPG in Resources */,
				751D8CE118EE998C00E6B82B /* LocalImagesViewController.xib in Resources */,
				751D8CB118EE5E0A00E6B82B /* photo_3.JPG in Resources */,
				751D8CB018EE5E0A00E6B82B /* photo_2.JPG in Resources */,
				751D8CB218EE5E0A00E6B82B /* photo_4.JPG in Resources */,
				75844C6E18ED71380098E9E0 /* InfoPlist.strings in Resources */,
				751D8CB318EE5E0A00E6B82B /* photo_5.JPG in Resources */,
				75844C7618ED71380098E9E0 /* Images.xcassets in Resources */,
				751D8CD518EE992200E6B82B /* FlickrImagesViewController.xib in Resources */,
			);
			runOnlyForDeploymentPostprocessing = 0;
		};
		75844C7918ED71380098E9E0 /* Resources */ = {
			isa = PBXResourcesBuildPhase;
			buildActionMask = 2147483647;
			files = (
				75844C8718ED71380098E9E0 /* InfoPlist.strings in Resources */,
			);
			runOnlyForDeploymentPostprocessing = 0;
		};
/* End PBXResourcesBuildPhase section */

/* Begin PBXSourcesBuildPhase section */
		75844C5C18ED71380098E9E0 /* Sources */ = {
			isa = PBXSourcesBuildPhase;
			buildActionMask = 2147483647;
			files = (
				751D8CBF18EE649700E6B82B /* OWPhotoBrowserController.m in Sources */,
				751D8CDC18EE994200E6B82B /* OWSimpleURLConnection.m in Sources */,
				751D8CDB18EE994200E6B82B /* OWCustomPhotosDataSource.m in Sources */,
				751D8CC018EE649700E6B82B /* OWPhotosDataSource.m in Sources */,
				751D8CC318EE649700E6B82B /* OWSimpleProgressHUD.m in Sources */,
				75844C7418ED71380098E9E0 /* AppDelegate.m in Sources */,
				751D8CD418EE992200E6B82B /* FlickrImagesViewController.m in Sources */,
				75844C7018ED71380098E9E0 /* main.m in Sources */,
				751D8CC118EE649700E6B82B /* OWPhotosScroller.m in Sources */,
				751D8CC218EE649700E6B82B /* OWPhotoZoomingView.m in Sources */,
				751D8CE018EE998C00E6B82B /* LocalImagesViewController.m in Sources */,
			);
			runOnlyForDeploymentPostprocessing = 0;
		};
		75844C7718ED71380098E9E0 /* Sources */ = {
			isa = PBXSourcesBuildPhase;
			buildActionMask = 2147483647;
			files = (
				75844C8918ED71380098E9E0 /* PhotoBrowserDemoTests.m in Sources */,
			);
			runOnlyForDeploymentPostprocessing = 0;
		};
/* End PBXSourcesBuildPhase section */

/* Begin PBXTargetDependency section */
		75844C8118ED71380098E9E0 /* PBXTargetDependency */ = {
			isa = PBXTargetDependency;
			target = 75844C5F18ED71380098E9E0 /* PhotoBrowserDemo */;
			targetProxy = 75844C8018ED71380098E9E0 /* PBXContainerItemProxy */;
		};
/* End PBXTargetDependency section */

/* Begin PBXVariantGroup section */
		75844C6C18ED71380098E9E0 /* InfoPlist.strings */ = {
			isa = PBXVariantGroup;
			children = (
				75844C6D18ED71380098E9E0 /* en */,
			);
			name = InfoPlist.strings;
			sourceTree = "<group>";
		};
		75844C8518ED71380098E9E0 /* InfoPlist.strings */ = {
			isa = PBXVariantGroup;
			children = (
				75844C8618ED71380098E9E0 /* en */,
			);
			name = InfoPlist.strings;
			sourceTree = "<group>";
		};
/* End PBXVariantGroup section */

/* Begin XCBuildConfiguration section */
		75844C8A18ED71380098E9E0 /* Debug */ = {
			isa = XCBuildConfiguration;
			buildSettings = {
				ALWAYS_SEARCH_USER_PATHS = NO;
				CLANG_CXX_LANGUAGE_STANDARD = "gnu++0x";
				CLANG_CXX_LIBRARY = "libc++";
				CLANG_ENABLE_MODULES = YES;
				CLANG_ENABLE_OBJC_ARC = YES;
				CLANG_WARN_BOOL_CONVERSION = YES;
				CLANG_WARN_CONSTANT_CONVERSION = YES;
				CLANG_WARN_DIRECT_OBJC_ISA_USAGE = YES_ERROR;
				CLANG_WARN_EMPTY_BODY = YES;
				CLANG_WARN_ENUM_CONVERSION = YES;
				CLANG_WARN_INT_CONVERSION = YES;
				CLANG_WARN_OBJC_ROOT_CLASS = YES_ERROR;
				CLANG_WARN__DUPLICATE_METHOD_MATCH = YES;
				"CODE_SIGN_IDENTITY[sdk=iphoneos*]" = "iPhone Developer";
				COPY_PHASE_STRIP = NO;
				GCC_C_LANGUAGE_STANDARD = gnu99;
				GCC_DYNAMIC_NO_PIC = NO;
				GCC_OPTIMIZATION_LEVEL = 0;
				GCC_PREPROCESSOR_DEFINITIONS = (
					"DEBUG=1",
					"$(inherited)",
				);
				GCC_SYMBOLS_PRIVATE_EXTERN = NO;
				GCC_WARN_64_TO_32_BIT_CONVERSION = YES;
				GCC_WARN_ABOUT_RETURN_TYPE = YES_ERROR;
				GCC_WARN_UNDECLARED_SELECTOR = YES;
				GCC_WARN_UNINITIALIZED_AUTOS = YES_AGGRESSIVE;
				GCC_WARN_UNUSED_FUNCTION = YES;
				GCC_WARN_UNUSED_VARIABLE = YES;
				IPHONEOS_DEPLOYMENT_TARGET = 7.1;
				ONLY_ACTIVE_ARCH = YES;
				SDKROOT = iphoneos;
			};
			name = Debug;
		};
		75844C8B18ED71380098E9E0 /* Release */ = {
			isa = XCBuildConfiguration;
			buildSettings = {
				ALWAYS_SEARCH_USER_PATHS = NO;
				CLANG_CXX_LANGUAGE_STANDARD = "gnu++0x";
				CLANG_CXX_LIBRARY = "libc++";
				CLANG_ENABLE_MODULES = YES;
				CLANG_ENABLE_OBJC_ARC = YES;
				CLANG_WARN_BOOL_CONVERSION = YES;
				CLANG_WARN_CONSTANT_CONVERSION = YES;
				CLANG_WARN_DIRECT_OBJC_ISA_USAGE = YES_ERROR;
				CLANG_WARN_EMPTY_BODY = YES;
				CLANG_WARN_ENUM_CONVERSION = YES;
				CLANG_WARN_INT_CONVERSION = YES;
				CLANG_WARN_OBJC_ROOT_CLASS = YES_ERROR;
				CLANG_WARN__DUPLICATE_METHOD_MATCH = YES;
				"CODE_SIGN_IDENTITY[sdk=iphoneos*]" = "iPhone Developer";
				COPY_PHASE_STRIP = YES;
				ENABLE_NS_ASSERTIONS = NO;
				GCC_C_LANGUAGE_STANDARD = gnu99;
				GCC_WARN_64_TO_32_BIT_CONVERSION = YES;
				GCC_WARN_ABOUT_RETURN_TYPE = YES_ERROR;
				GCC_WARN_UNDECLARED_SELECTOR = YES;
				GCC_WARN_UNINITIALIZED_AUTOS = YES_AGGRESSIVE;
				GCC_WARN_UNUSED_FUNCTION = YES;
				GCC_WARN_UNUSED_VARIABLE = YES;
				IPHONEOS_DEPLOYMENT_TARGET = 7.1;
				SDKROOT = iphoneos;
				VALIDATE_PRODUCT = YES;
			};
			name = Release;
		};
		75844C8D18ED71380098E9E0 /* Debug */ = {
			isa = XCBuildConfiguration;
			buildSettings = {
				ASSETCATALOG_COMPILER_APPICON_NAME = AppIcon;
				ASSETCATALOG_COMPILER_LAUNCHIMAGE_NAME = LaunchImage;
				GCC_PRECOMPILE_PREFIX_HEADER = YES;
				GCC_PREFIX_HEADER = "PhotoBrowserDemo/PhotoBrowserDemo-Prefix.pch";
				INFOPLIST_FILE = "PhotoBrowserDemo/PhotoBrowserDemo-Info.plist";
				PRODUCT_NAME = "$(TARGET_NAME)";
				WRAPPER_EXTENSION = app;
			};
			name = Debug;
		};
		75844C8E18ED71380098E9E0 /* Release */ = {
			isa = XCBuildConfiguration;
			buildSettings = {
				ASSETCATALOG_COMPILER_APPICON_NAME = AppIcon;
				ASSETCATALOG_COMPILER_LAUNCHIMAGE_NAME = LaunchImage;
				GCC_PRECOMPILE_PREFIX_HEADER = YES;
				GCC_PREFIX_HEADER = "PhotoBrowserDemo/PhotoBrowserDemo-Prefix.pch";
				INFOPLIST_FILE = "PhotoBrowserDemo/PhotoBrowserDemo-Info.plist";
				PRODUCT_NAME = "$(TARGET_NAME)";
				WRAPPER_EXTENSION = app;
			};
			name = Release;
		};
		75844C9018ED71380098E9E0 /* Debug */ = {
			isa = XCBuildConfiguration;
			buildSettings = {
				BUNDLE_LOADER = "$(BUILT_PRODUCTS_DIR)/PhotoBrowserDemo.app/PhotoBrowserDemo";
				FRAMEWORK_SEARCH_PATHS = (
					"$(SDKROOT)/Developer/Library/Frameworks",
					"$(inherited)",
					"$(DEVELOPER_FRAMEWORKS_DIR)",
				);
				GCC_PRECOMPILE_PREFIX_HEADER = YES;
				GCC_PREFIX_HEADER = "PhotoBrowserDemo/PhotoBrowserDemo-Prefix.pch";
				GCC_PREPROCESSOR_DEFINITIONS = (
					"DEBUG=1",
					"$(inherited)",
				);
				INFOPLIST_FILE = "PhotoBrowserDemoTests/PhotoBrowserDemoTests-Info.plist";
				PRODUCT_NAME = "$(TARGET_NAME)";
				TEST_HOST = "$(BUNDLE_LOADER)";
				WRAPPER_EXTENSION = xctest;
			};
			name = Debug;
		};
		75844C9118ED71380098E9E0 /* Release */ = {
			isa = XCBuildConfiguration;
			buildSettings = {
				BUNDLE_LOADER = "$(BUILT_PRODUCTS_DIR)/PhotoBrowserDemo.app/PhotoBrowserDemo";
				FRAMEWORK_SEARCH_PATHS = (
					"$(SDKROOT)/Developer/Library/Frameworks",
					"$(inherited)",
					"$(DEVELOPER_FRAMEWORKS_DIR)",
				);
				GCC_PRECOMPILE_PREFIX_HEADER = YES;
				GCC_PREFIX_HEADER = "PhotoBrowserDemo/PhotoBrowserDemo-Prefix.pch";
				INFOPLIST_FILE = "PhotoBrowserDemoTests/PhotoBrowserDemoTests-Info.plist";
				PRODUCT_NAME = "$(TARGET_NAME)";
				TEST_HOST = "$(BUNDLE_LOADER)";
				WRAPPER_EXTENSION = xctest;
			};
			name = Release;
		};
/* End XCBuildConfiguration section */

/* Begin XCConfigurationList section */
		75844C5B18ED71380098E9E0 /* Build configuration list for PBXProject "PhotoBrowserDemo" */ = {
			isa = XCConfigurationList;
			buildConfigurations = (
				75844C8A18ED71380098E9E0 /* Debug */,
				75844C8B18ED71380098E9E0 /* Release */,
			);
			defaultConfigurationIsVisible = 0;
			defaultConfigurationName = Release;
		};
		75844C8C18ED71380098E9E0 /* Build configuration list for PBXNativeTarget "PhotoBrowserDemo" */ = {
			isa = XCConfigurationList;
			buildConfigurations = (
				75844C8D18ED71380098E9E0 /* Debug */,
				75844C8E18ED71380098E9E0 /* Release */,
			);
			defaultConfigurationIsVisible = 0;
			defaultConfigurationName = Release;
		};
		75844C8F18ED71380098E9E0 /* Build configuration list for PBXNativeTarget "PhotoBrowserDemoTests" */ = {
			isa = XCConfigurationList;
			buildConfigurations = (
				75844C9018ED71380098E9E0 /* Debug */,
				75844C9118ED71380098E9E0 /* Release */,
			);
			defaultConfigurationIsVisible = 0;
			defaultConfigurationName = Release;
		};
/* End XCConfigurationList section */
	};
	rootObject = 75844C5818ED71380098E9E0 /* Project object */;
}
